
Microsoft Visual Studio Solution File, Format Version 12.00
# Visual Studio Version 17
VisualStudioVersion = 17.14.36414.22 d17.14
MinimumVisualStudioVersion = 10.0.40219.1
Project("{FAE04EC0-301F-11D3-BF4B-00C04F79EFBC}") = "SoldadosDoImperador", "SoldadosDoImperador.csproj", "{1B8432F4-E3F2-42D0-BEBB-2B5D8F6700FE}"
EndProject
Global
	GlobalSection(SolutionConfigurationPlatforms) = preSolution
		Debug|Any CPU = Debug|Any CPU
		Release|Any CPU = Release|Any CPU
	EndGlobalSection
	GlobalSection(ProjectConfigurationPlatforms) = postSolution
		{1B8432F4-E3F2-42D0-BEBB-2B5D8F6700FE}.Debug|Any CPU.ActiveCfg = Debug|Any CPU
		{1B8432F4-E3F2-42D0-BEBB-2B5D8F6700FE}.Debug|Any CPU.Build.0 = Debug|Any CPU
		{1B8432F4-E3F2-42D0-BEBB-2B5D8F6700FE}.Release|Any CPU.ActiveCfg = Release|Any CPU
		{1B8432F4-E3F2-42D0-BEBB-2B5D8F6700FE}.Release|Any CPU.Build.0 = Release|Any CPU
	EndGlobalSection
	GlobalSection(SolutionProperties) = preSolution
		HideSolutionNode = FALSE
	EndGlobalSection
	GlobalSection(ExtensibilityGlobals) = postSolution
		SolutionGuid = {C1123731-1310-4ED1-8E75-93AA96B92360}
	EndGlobalSection
EndGlobal
